// !$*UTF8*$!
{
	archiveVersion = 1;
	classes = {
	};
	objectVersion = 56;
	objects = {

/* Begin PBXBuildFile section */
		20683E4B2B39DB2E00618D49 /* AppDelegate.swift in Sources */ = {isa = PBXBuildFile; fileRef = 20683E4A2B39DB2E00618D49 /* AppDelegate.swift */; };
		20683E4D2B39DB2E00618D49 /* SceneDelegate.swift in Sources */ = {isa = PBXBuildFile; fileRef = 20683E4C2B39DB2E00618D49 /* SceneDelegate.swift */; };
		20683E4F2B39DB2E00618D49 /* ViewController.swift in Sources */ = {isa = PBXBuildFile; fileRef = 20683E4E2B39DB2E00618D49 /* ViewController.swift */; };
		20683E522B39DB2E00618D49 /* Main.storyboard in Resources */ = {isa = PBXBuildFile; fileRef = 20683E502B39DB2E00618D49 /* Main.storyboard */; };
		20683E542B39DB3000618D49 /* Assets.xcassets in Resources */ = {isa = PBXBuildFile; fileRef = 20683E532B39DB3000618D49 /* Assets.xcassets */; };
		20683E572B39DB3000618D49 /* LaunchScreen.storyboard in Resources */ = {isa = PBXBuildFile; fileRef = 20683E552B39DB3000618D49 /* LaunchScreen.storyboard */; };
		20683E5F2B39DBDE00618D49 /* PressStart2P-Regular.ttf in Resources */ = {isa = PBXBuildFile; fileRef = 20683E5E2B39DBDE00618D49 /* PressStart2P-Regular.ttf */; };
		20683E622B39E18000618D49 /* IQKeyboardManagerSwift in Frameworks */ = {isa = PBXBuildFile; productRef = 20683E612B39E18000618D49 /* IQKeyboardManagerSwift */; };
		2080B0332B3A133D006CB969 /* guessScreen.png in Resources */ = {isa = PBXBuildFile; fileRef = 2080B02F2B3A133C006CB969 /* guessScreen.png */; };
		2080B0342B3A133D006CB969 /* homeScreen.png in Resources */ = {isa = PBXBuildFile; fileRef = 2080B0302B3A133D006CB969 /* homeScreen.png */; };
		2080B0352B3A133D006CB969 /* victoryScreen.png in Resources */ = {isa = PBXBuildFile; fileRef = 2080B0312B3A133D006CB969 /* victoryScreen.png */; };
		2080B0362B3A133D006CB969 /* lostScreen.png in Resources */ = {isa = PBXBuildFile; fileRef = 2080B0322B3A133D006CB969 /* lostScreen.png */; };
		2080B0392B3A1373006CB969 /* README.md in Resources */ = {isa = PBXBuildFile; fileRef = 2080B0382B3A1373006CB969 /* README.md */; };
/* End PBXBuildFile section */

/* Begin PBXFileReference section */
		20683E472B39DB2E00618D49 /* GuessMyNumber.app */ = {isa = PBXFileReference; explicitFileType = wrapper.application; includeInIndex = 0; path = GuessMyNumber.app; sourceTree = BUILT_PRODUCTS_DIR; };
		20683E4A2B39DB2E00618D49 /* AppDelegate.swift */ = {isa = PBXFileReference; lastKnownFileType = sourcecode.swift; path = AppDelegate.swift; sourceTree = "<group>"; };
		20683E4C2B39DB2E00618D49 /* SceneDelegate.swift */ = {isa = PBXFileReference; lastKnownFileType = sourcecode.swift; path = SceneDelegate.swift; sourceTree = "<group>"; };
		20683E4E2B39DB2E00618D49 /* ViewController.swift */ = {isa = PBXFileReference; lastKnownFileType = sourcecode.swift; path = ViewController.swift; sourceTree = "<group>"; };
		20683E512B39DB2E00618D49 /* Base */ = {isa = PBXFileReference; lastKnownFileType = file.storyboard; name = Base; path = Base.lproj/Main.storyboard; sourceTree = "<group>"; };
		20683E532B39DB3000618D49 /* Assets.xcassets */ = {isa = PBXFileReference; lastKnownFileType = folder.assetcatalog; path = Assets.xcassets; sourceTree = "<group>"; };
		20683E562B39DB3000618D49 /* Base */ = {isa = PBXFileReference; lastKnownFileType = file.storyboard; name = Base; path = Base.lproj/LaunchScreen.storyboard; sourceTree = "<group>"; };
		20683E582B39DB3000618D49 /* Info.plist */ = {isa = PBXFileReference; lastKnownFileType = text.plist.xml; path = Info.plist; sourceTree = "<group>"; };
		20683E5E2B39DBDE00618D49 /* PressStart2P-Regular.ttf */ = {isa = PBXFileReference; lastKnownFileType = file; path = "PressStart2P-Regular.ttf"; sourceTree = "<group>"; };
		2080B02F2B3A133C006CB969 /* guessScreen.png */ = {isa = PBXFileReference; lastKnownFileType = image.png; path = guessScreen.png; sourceTree = "<group>"; };
		2080B0302B3A133D006CB969 /* homeScreen.png */ = {isa = PBXFileReference; lastKnownFileType = image.png; path = homeScreen.png; sourceTree = "<group>"; };
		2080B0312B3A133D006CB969 /* victoryScreen.png */ = {isa = PBXFileReference; lastKnownFileType = image.png; path = victoryScreen.png; sourceTree = "<group>"; };
		2080B0322B3A133D006CB969 /* lostScreen.png */ = {isa = PBXFileReference; lastKnownFileType = image.png; path = lostScreen.png; sourceTree = "<group>"; };
		2080B0382B3A1373006CB969 /* README.md */ = {isa = PBXFileReference; lastKnownFileType = net.daringfireball.markdown; path = README.md; sourceTree = "<group>"; };
/* End PBXFileReference section */

/* Begin PBXFrameworksBuildPhase section */
		20683E442B39DB2E00618D49 /* Frameworks */ = {
			isa = PBXFrameworksBuildPhase;
			buildActionMask = 2147483647;
			files = (
				20683E622B39E18000618D49 /* IQKeyboardManagerSwift in Frameworks */,
			);
			runOnlyForDeploymentPostprocessing = 0;
		};
/* End PBXFrameworksBuildPhase section */

/* Begin PBXGroup section */
		20683E3E2B39DB2E00618D49 = {
			isa = PBXGroup;
			children = (
				2080B0382B3A1373006CB969 /* README.md */,
				20683E492B39DB2E00618D49 /* GuessMyNumber */,
				20683E482B39DB2E00618D49 /* Products */,
			);
			sourceTree = "<group>";
		};
		20683E482B39DB2E00618D49 /* Products */ = {
			isa = PBXGroup;
			children = (
				20683E472B39DB2E00618D49 /* GuessMyNumber.app */,
			);
			name = Products;
			sourceTree = "<group>";
		};
		20683E492B39DB2E00618D49 /* GuessMyNumber */ = {
			isa = PBXGroup;
			children = (
				2080B02E2B3A1315006CB969 /* ScreenShots */,
				20683E4A2B39DB2E00618D49 /* AppDelegate.swift */,
				20683E4C2B39DB2E00618D49 /* SceneDelegate.swift */,
				20683E4E2B39DB2E00618D49 /* ViewController.swift */,
				20683E502B39DB2E00618D49 /* Main.storyboard */,
				20683E532B39DB3000618D49 /* Assets.xcassets */,
				20683E552B39DB3000618D49 /* LaunchScreen.storyboard */,
				20683E582B39DB3000618D49 /* Info.plist */,
				20683E5E2B39DBDE00618D49 /* PressStart2P-Regular.ttf */,
			);
			path = GuessMyNumber;
			sourceTree = "<group>";
		};
		2080B02E2B3A1315006CB969 /* ScreenShots */ = {
			isa = PBXGroup;
			children = (
				2080B02F2B3A133C006CB969 /* guessScreen.png */,
				2080B0302B3A133D006CB969 /* homeScreen.png */,
				2080B0322B3A133D006CB969 /* lostScreen.png */,
				2080B0312B3A133D006CB969 /* victoryScreen.png */,
			);
			path = ScreenShots;
			sourceTree = "<group>";
		};
/* End PBXGroup section */

/* Begin PBXNativeTarget section */
		20683E462B39DB2E00618D49 /* GuessMyNumber */ = {
			isa = PBXNativeTarget;
			buildConfigurationList = 20683E5B2B39DB3000618D49 /* Build configuration list for PBXNativeTarget "GuessMyNumber" */;
			buildPhases = (
				20683E432B39DB2E00618D49 /* Sources */,
				20683E442B39DB2E00618D49 /* Frameworks */,
				20683E452B39DB2E00618D49 /* Resources */,
			);
			buildRules = (
			);
			dependencies = (
			);
			name = GuessMyNumber;
			packageProductDependencies = (
				20683E612B39E18000618D49 /* IQKeyboardManagerSwift */,
			);
			productName = GuessMyNumber;
			productReference = 20683E472B39DB2E00618D49 /* GuessMyNumber.app */;
			productType = "com.apple.product-type.application";
		};
/* End PBXNativeTarget section */

/* Begin PBXProject section */
		20683E3F2B39DB2E00618D49 /* Project object */ = {
			isa = PBXProject;
			attributes = {
				BuildIndependentTargetsInParallel = 1;
				LastSwiftUpdateCheck = 1510;
				LastUpgradeCheck = 1510;
				TargetAttributes = {
					20683E462B39DB2E00618D49 = {
						CreatedOnToolsVersion = 15.1;
					};
				};
			};
			buildConfigurationList = 20683E422B39DB2E00618D49 /* Build configuration list for PBXProject "GuessMyNumber" */;
			compatibilityVersion = "Xcode 14.0";
			developmentRegion = en;
			hasScannedForEncodings = 0;
			knownRegions = (
				en,
				Base,
			);
			mainGroup = 20683E3E2B39DB2E00618D49;
			packageReferences = (
				20683E602B39E18000618D49 /* XCRemoteSwiftPackageReference "IQKeyboardManager" */,
			);
			productRefGroup = 20683E482B39DB2E00618D49 /* Products */;
			projectDirPath = "";
			projectRoot = "";
			targets = (
				20683E462B39DB2E00618D49 /* GuessMyNumber */,
			);
		};
/* End PBXProject section */

/* Begin PBXResourcesBuildPhase section */
		20683E452B39DB2E00618D49 /* Resources */ = {
			isa = PBXResourcesBuildPhase;
			buildActionMask = 2147483647;
			files = (
				2080B0332B3A133D006CB969 /* guessScreen.png in Resources */,
				20683E5F2B39DBDE00618D49 /* PressStart2P-Regular.ttf in Resources */,
				20683E572B39DB3000618D49 /* LaunchScreen.storyboard in Resources */,
				2080B0362B3A133D006CB969 /* lostScreen.png in Resources */,
				20683E542B39DB3000618D49 /* Assets.xcassets in Resources */,
				2080B0342B3A133D006CB969 /* homeScreen.png in Resources */,
				2080B0392B3A1373006CB969 /* README.md in Resources */,
				20683E522B39DB2E00618D49 /* Main.storyboard in Resources */,
				2080B0352B3A133D006CB969 /* victoryScreen.png in Resources */,
			);
			runOnlyForDeploymentPostprocessing = 0;
		};
/* End PBXResourcesBuildPhase section */

/* Begin PBXSourcesBuildPhase section */
		20683E432B39DB2E00618D49 /* Sources */ = {
			isa = PBXSourcesBuildPhase;
			buildActionMask = 2147483647;
			files = (
				20683E4F2B39DB2E00618D49 /* ViewController.swift in Sources */,
				20683E4B2B39DB2E00618D49 /* AppDelegate.swift in Sources */,
				20683E4D2B39DB2E00618D49 /* SceneDelegate.swift in Sources */,
			);
			runOnlyForDeploymentPostprocessing = 0;
		};
/* End PBXSourcesBuildPhase section */

/* Begin PBXVariantGroup section */
		20683E502B39DB2E00618D49 /* Main.storyboard */ = {
			isa = PBXVariantGroup;
			children = (
				20683E512B39DB2E00618D49 /* Base */,
			);
			name = Main.storyboard;
			sourceTree = "<group>";
		};
		20683E552B39DB3000618D49 /* LaunchScreen.storyboard */ = {
			isa = PBXVariantGroup;
			children = (
				20683E562B39DB3000618D49 /* Base */,
			);
			name = LaunchScreen.storyboard;
			sourceTree = "<group>";
		};
/* End PBXVariantGroup section */

/* Begin XCBuildConfiguration section */
		20683E592B39DB3000618D49 /* Debug */ = {
			isa = XCBuildConfiguration;
			buildSettings = {
				ALWAYS_SEARCH_USER_PATHS = NO;
				ASSETCATALOG_COMPILER_GENERATE_SWIFT_ASSET_SYMBOL_EXTENSIONS = YES;
				CLANG_ANALYZER_NONNULL = YES;
				CLANG_ANALYZER_NUMBER_OBJECT_CONVERSION = YES_AGGRESSIVE;
				CLANG_CXX_LANGUAGE_STANDARD = "gnu++20";
				CLANG_ENABLE_MODULES = YES;
				CLANG_ENABLE_OBJC_ARC = YES;
				CLANG_ENABLE_OBJC_WEAK = YES;
				CLANG_WARN_BLOCK_CAPTURE_AUTORELEASING = YES;
				CLANG_WARN_BOOL_CONVERSION = YES;
				CLANG_WARN_COMMA = YES;
				CLANG_WARN_CONSTANT_CONVERSION = YES;
				CLANG_WARN_DEPRECATED_OBJC_IMPLEMENTATIONS = YES;
				CLANG_WARN_DIRECT_OBJC_ISA_USAGE = YES_ERROR;
				CLANG_WARN_DOCUMENTATION_COMMENTS = YES;
				CLANG_WARN_EMPTY_BODY = YES;
				CLANG_WARN_ENUM_CONVERSION = YES;
				CLANG_WARN_INFINITE_RECURSION = YES;
				CLANG_WARN_INT_CONVERSION = YES;
				CLANG_WARN_NON_LITERAL_NULL_CONVERSION = YES;
				CLANG_WARN_OBJC_IMPLICIT_RETAIN_SELF = YES;
				CLANG_WARN_OBJC_LITERAL_CONVERSION = YES;
				CLANG_WARN_OBJC_ROOT_CLASS = YES_ERROR;
				CLANG_WARN_QUOTED_INCLUDE_IN_FRAMEWORK_HEADER = YES;
				CLANG_WARN_RANGE_LOOP_ANALYSIS = YES;
				CLANG_WARN_STRICT_PROTOTYPES = YES;
				CLANG_WARN_SUSPICIOUS_MOVE = YES;
				CLANG_WARN_UNGUARDED_AVAILABILITY = YES_AGGRESSIVE;
				CLANG_WARN_UNREACHABLE_CODE = YES;
				CLANG_WARN__DUPLICATE_METHOD_MATCH = YES;
				COPY_PHASE_STRIP = NO;
				DEBUG_INFORMATION_FORMAT = dwarf;
				ENABLE_STRICT_OBJC_MSGSEND = YES;
				ENABLE_TESTABILITY = YES;
				ENABLE_USER_SCRIPT_SANDBOXING = YES;
				GCC_C_LANGUAGE_STANDARD = gnu17;
				GCC_DYNAMIC_NO_PIC = NO;
				GCC_NO_COMMON_BLOCKS = YES;
				GCC_OPTIMIZATION_LEVEL = 0;
				GCC_PREPROCESSOR_DEFINITIONS = (
					"DEBUG=1",
					"$(inherited)",
				);
				GCC_WARN_64_TO_32_BIT_CONVERSION = YES;
				GCC_WARN_ABOUT_RETURN_TYPE = YES_ERROR;
				GCC_WARN_UNDECLARED_SELECTOR = YES;
				GCC_WARN_UNINITIALIZED_AUTOS = YES_AGGRESSIVE;
				GCC_WARN_UNUSED_FUNCTION = YES;
				GCC_WARN_UNUSED_VARIABLE = YES;
				IPHONEOS_DEPLOYMENT_TARGET = 17.2;
				LOCALIZATION_PREFERS_STRING_CATALOGS = YES;
				MTL_ENABLE_DEBUG_INFO = INCLUDE_SOURCE;
				MTL_FAST_MATH = YES;
				ONLY_ACTIVE_ARCH = YES;
				SDKROOT = iphoneos;
				SWIFT_ACTIVE_COMPILATION_CONDITIONS = "DEBUG $(inherited)";
				SWIFT_OPTIMIZATION_LEVEL = "-Onone";
			};
			name = Debug;
		};
		20683E5A2B39DB3000618D49 /* Release */ = {
			isa = XCBuildConfiguration;
			buildSettings = {
				ALWAYS_SEARCH_USER_PATHS = NO;
				ASSETCATALOG_COMPILER_GENERATE_SWIFT_ASSET_SYMBOL_EXTENSIONS = YES;
				CLANG_ANALYZER_NONNULL = YES;
				CLANG_ANALYZER_NUMBER_OBJECT_CONVERSION = YES_AGGRESSIVE;
				CLANG_CXX_LANGUAGE_STANDARD = "gnu++20";
				CLANG_ENABLE_MODULES = YES;
				CLANG_ENABLE_OBJC_ARC = YES;
				CLANG_ENABLE_OBJC_WEAK = YES;
				CLANG_WARN_BLOCK_CAPTURE_AUTORELEASING = YES;
				CLANG_WARN_BOOL_CONVERSION = YES;
				CLANG_WARN_COMMA = YES;
				CLANG_WARN_CONSTANT_CONVERSION = YES;
				CLANG_WARN_DEPRECATED_OBJC_IMPLEMENTATIONS = YES;
				CLANG_WARN_DIRECT_OBJC_ISA_USAGE = YES_ERROR;
				CLANG_WARN_DOCUMENTATION_COMMENTS = YES;
				CLANG_WARN_EMPTY_BODY = YES;
				CLANG_WARN_ENUM_CONVERSION = YES;
				CLANG_WARN_INFINITE_RECURSION = YES;
				CLANG_WARN_INT_CONVERSION = YES;
				CLANG_WARN_NON_LITERAL_NULL_CONVERSION = YES;
				CLANG_WARN_OBJC_IMPLICIT_RETAIN_SELF = YES;
				CLANG_WARN_OBJC_LITERAL_CONVERSION = YES;
				CLANG_WARN_OBJC_ROOT_CLASS = YES_ERROR;
				CLANG_WARN_QUOTED_INCLUDE_IN_FRAMEWORK_HEADER = YES;
				CLANG_WARN_RANGE_LOOP_ANALYSIS = YES;
				CLANG_WARN_STRICT_PROTOTYPES = YES;
				CLANG_WARN_SUSPICIOUS_MOVE = YES;
				CLANG_WARN_UNGUARDED_AVAILABILITY = YES_AGGRESSIVE;
				CLANG_WARN_UNREACHABLE_CODE = YES;
				CLANG_WARN__DUPLICATE_METHOD_MATCH = YES;
				COPY_PHASE_STRIP = NO;
				DEBUG_INFORMATION_FORMAT = "dwarf-with-dsym";
				ENABLE_NS_ASSERTIONS = NO;
				ENABLE_STRICT_OBJC_MSGSEND = YES;
				ENABLE_USER_SCRIPT_SANDBOXING = YES;
				GCC_C_LANGUAGE_STANDARD = gnu17;
				GCC_NO_COMMON_BLOCKS = YES;
				GCC_WARN_64_TO_32_BIT_CONVERSION = YES;
				GCC_WARN_ABOUT_RETURN_TYPE = YES_ERROR;
				GCC_WARN_UNDECLARED_SELECTOR = YES;
				GCC_WARN_UNINITIALIZED_AUTOS = YES_AGGRESSIVE;
				GCC_WARN_UNUSED_FUNCTION = YES;
				GCC_WARN_UNUSED_VARIABLE = YES;
				IPHONEOS_DEPLOYMENT_TARGET = 17.2;
				LOCALIZATION_PREFERS_STRING_CATALOGS = YES;
				MTL_ENABLE_DEBUG_INFO = NO;
				MTL_FAST_MATH = YES;
				SDKROOT = iphoneos;
				SWIFT_COMPILATION_MODE = wholemodule;
				VALIDATE_PRODUCT = YES;
			};
			name = Release;
		};
		20683E5C2B39DB3000618D49 /* Debug */ = {
			isa = XCBuildConfiguration;
			buildSettings = {
				ASSETCATALOG_COMPILER_APPICON_NAME = AppIcon;
				ASSETCATALOG_COMPILER_GLOBAL_ACCENT_COLOR_NAME = AccentColor;
				CODE_SIGN_STYLE = Automatic;
				CURRENT_PROJECT_VERSION = 1;
				DEVELOPMENT_TEAM = H3UQ2ZT769;
				GENERATE_INFOPLIST_FILE = YES;
				INFOPLIST_FILE = GuessMyNumber/Info.plist;
				INFOPLIST_KEY_UIApplicationSupportsIndirectInputEvents = YES;
				INFOPLIST_KEY_UILaunchStoryboardName = LaunchScreen;
				INFOPLIST_KEY_UIMainStoryboardFile = Main;
				INFOPLIST_KEY_UISupportedInterfaceOrientations_iPad = "UIInterfaceOrientationPortrait UIInterfaceOrientationPortraitUpsideDown UIInterfaceOrientationLandscapeLeft UIInterfaceOrientationLandscapeRight";
				INFOPLIST_KEY_UISupportedInterfaceOrientations_iPhone = "UIInterfaceOrientationPortrait UIInterfaceOrientationLandscapeLeft UIInterfaceOrientationLandscapeRight";
				LD_RUNPATH_SEARCH_PATHS = (
					"$(inherited)",
					"@executable_path/Frameworks",
				);
				MARKETING_VERSION = 1.0;
				PRODUCT_BUNDLE_IDENTIFIER = com.omercangulec.GuessMyNumber;
				PRODUCT_NAME = "$(TARGET_NAME)";
				SWIFT_EMIT_LOC_STRINGS = YES;
				SWIFT_VERSION = 5.0;
				TARGETED_DEVICE_FAMILY = "1,2";
			};
			name = Debug;
		};
		20683E5D2B39DB3000618D49 /* Release */ = {
			isa = XCBuildConfiguration;
			buildSettings = {
				ASSETCATALOG_COMPILER_APPICON_NAME = AppIcon;
				ASSETCATALOG_COMPILER_GLOBAL_ACCENT_COLOR_NAME = AccentColor;
				CODE_SIGN_STYLE = Automatic;
				CURRENT_PROJECT_VERSION = 1;
				DEVELOPMENT_TEAM = H3UQ2ZT769;
				GENERATE_INFOPLIST_FILE = YES;
				INFOPLIST_FILE = GuessMyNumber/Info.plist;
				INFOPLIST_KEY_UIApplicationSupportsIndirectInputEvents = YES;
				INFOPLIST_KEY_UILaunchStoryboardName = LaunchScreen;
				INFOPLIST_KEY_UIMainStoryboardFile = Main;
				INFOPLIST_KEY_UISupportedInterfaceOrientations_iPad = "UIInterfaceOrientationPortrait UIInterfaceOrientationPortraitUpsideDown UIInterfaceOrientationLandscapeLeft UIInterfaceOrientationLandscapeRight";
				INFOPLIST_KEY_UISupportedInterfaceOrientations_iPhone = "UIInterfaceOrientationPortrait UIInterfaceOrientationLandscapeLeft UIInterfaceOrientationLandscapeRight";
				LD_RUNPATH_SEARCH_PATHS = (
					"$(inherited)",
					"@executable_path/Frameworks",
				);
				MARKETING_VERSION = 1.0;
				PRODUCT_BUNDLE_IDENTIFIER = com.omercangulec.GuessMyNumber;
				PRODUCT_NAME = "$(TARGET_NAME)";
				SWIFT_EMIT_LOC_STRINGS = YES;
				SWIFT_VERSION = 5.0;
				TARGETED_DEVICE_FAMILY = "1,2";
			};
			name = Release;
		};
/* End XCBuildConfiguration section */

/* Begin XCConfigurationList section */
		20683E422B39DB2E00618D49 /* Build configuration list for PBXProject "GuessMyNumber" */ = {
			isa = XCConfigurationList;
			buildConfigurations = (
				20683E592B39DB3000618D49 /* Debug */,
				20683E5A2B39DB3000618D49 /* Release */,
			);
			defaultConfigurationIsVisible = 0;
			defaultConfigurationName = Release;
		};
		20683E5B2B39DB3000618D49 /* Build configuration list for PBXNativeTarget "GuessMyNumber" */ = {
			isa = XCConfigurationList;
			buildConfigurations = (
				20683E5C2B39DB3000618D49 /* Debug */,
				20683E5D2B39DB3000618D49 /* Release */,
			);
			defaultConfigurationIsVisible = 0;
			defaultConfigurationName = Release;
		};
/* End XCConfigurationList section */

/* Begin XCRemoteSwiftPackageReference section */
		20683E602B39E18000618D49 /* XCRemoteSwiftPackageReference "IQKeyboardManager" */ = {
			isa = XCRemoteSwiftPackageReference;
			repositoryURL = "https://github.com/hackiftekhar/IQKeyboardManager.git";
			requirement = {
				kind = upToNextMajorVersion;
				minimumVersion = 6.5.16;
			};
		};
/* End XCRemoteSwiftPackageReference section */

/* Begin XCSwiftPackageProductDependency section */
		20683E612B39E18000618D49 /* IQKeyboardManagerSwift */ = {
			isa = XCSwiftPackageProductDependency;
			package = 20683E602B39E18000618D49 /* XCRemoteSwiftPackageReference "IQKeyboardManager" */;
			productName = IQKeyboardManagerSwift;
		};
/* End XCSwiftPackageProductDependency section */
	};
	rootObject = 20683E3F2B39DB2E00618D49 /* Project object */;
}
